
Microsoft Visual Studio Solution File, Format Version 12.00
# Visual Studio Version 17
VisualStudioVersion = 17.10.35013.160
MinimumVisualStudioVersion = 10.0.40219.1
Project("{FAE04EC0-301F-11D3-BF4B-00C04F79EFBC}") = "PttCrawler", "PttCrawler.csproj", "{A08D6783-8147-4024-9AC7-939862ED0DFD}"
EndProject
Global
	GlobalSection(SolutionConfigurationPlatforms) = preSolution
		Debug|Any CPU = Debug|Any CPU
		Release|Any CPU = Release|Any CPU
	EndGlobalSection
	GlobalSection(ProjectConfigurationPlatforms) = postSolution
		{A08D6783-8147-4024-9AC7-939862ED0DFD}.Debug|Any CPU.ActiveCfg = Debug|Any CPU
		{A08D6783-8147-4024-9AC7-939862ED0DFD}.Debug|Any CPU.Build.0 = Debug|Any CPU
		{A08D6783-8147-4024-9AC7-939862ED0DFD}.Release|Any CPU.ActiveCfg = Release|Any CPU
		{A08D6783-8147-4024-9AC7-939862ED0DFD}.Release|Any CPU.Build.0 = Release|Any CPU
	EndGlobalSection
	GlobalSection(SolutionProperties) = preSolution
		HideSolutionNode = FALSE
	EndGlobalSection
	GlobalSection(ExtensibilityGlobals) = postSolution
		SolutionGuid = {30279BEE-166F-421C-8D24-89060625CE60}
	EndGlobalSection
EndGlobal
